
Microsoft Visual Studio Solution File, Format Version 12.00
# Visual Studio 15
VisualStudioVersion = 15.0.26124.0
MinimumVisualStudioVersion = 15.0.26124.0
Project("{2150E333-8FDC-42A3-9474-1A3956D46DE8}") = "src", "src", "{0BD2FDE8-529C-49DB-98A5-AD509686B833}"
EndProject
Project("{FAE04EC0-301F-11D3-BF4B-00C04F79EFBC}") = "GradeBook", "src\GradeBook\GradeBook.csproj", "{F18202CF-AD43-44E2-B659-1A0A4FBBC8B9}"
EndProject
Project("{2150E333-8FDC-42A3-9474-1A3956D46DE8}") = "test", "test", "{FDE5F17E-BEB9-4E3C-BD02-0C97822A98C9}"
EndProject
Project("{FAE04EC0-301F-11D3-BF4B-00C04F79EFBC}") = "GradeBook.Tests", "test\GradeBook.Tests\GradeBook.Tests.csproj", "{1F45C117-D7EF-43D7-B4E1-0A3E86061B9E}"
EndProject
Global
	GlobalSection(SolutionConfigurationPlatforms) = preSolution
		Debug|Any CPU = Debug|Any CPU
		Debug|x64 = Debug|x64
		Debug|x86 = Debug|x86
		Release|Any CPU = Release|Any CPU
		Release|x64 = Release|x64
		Release|x86 = Release|x86
	EndGlobalSection
	GlobalSection(SolutionProperties) = preSolution
		HideSolutionNode = FALSE
	EndGlobalSection
	GlobalSection(ProjectConfigurationPlatforms) = postSolution
		{F18202CF-AD43-44E2-B659-1A0A4FBBC8B9}.Debug|Any CPU.ActiveCfg = Debug|Any CPU
		{F18202CF-AD43-44E2-B659-1A0A4FBBC8B9}.Debug|Any CPU.Build.0 = Debug|Any CPU
		{F18202CF-AD43-44E2-B659-1A0A4FBBC8B9}.Debug|x64.ActiveCfg = Debug|Any CPU
		{F18202CF-AD43-44E2-B659-1A0A4FBBC8B9}.Debug|x64.Build.0 = Debug|Any CPU
		{F18202CF-AD43-44E2-B659-1A0A4FBBC8B9}.Debug|x86.ActiveCfg = Debug|Any CPU
		{F18202CF-AD43-44E2-B659-1A0A4FBBC8B9}.Debug|x86.Build.0 = Debug|Any CPU
		{F18202CF-AD43-44E2-B659-1A0A4FBBC8B9}.Release|Any CPU.ActiveCfg = Release|Any CPU
		{F18202CF-AD43-44E2-B659-1A0A4FBBC8B9}.Release|Any CPU.Build.0 = Release|Any CPU
		{F18202CF-AD43-44E2-B659-1A0A4FBBC8B9}.Release|x64.ActiveCfg = Release|Any CPU
		{F18202CF-AD43-44E2-B659-1A0A4FBBC8B9}.Release|x64.Build.0 = Release|Any CPU
		{F18202CF-AD43-44E2-B659-1A0A4FBBC8B9}.Release|x86.ActiveCfg = Release|Any CPU
		{F18202CF-AD43-44E2-B659-1A0A4FBBC8B9}.Release|x86.Build.0 = Release|Any CPU
		{1F45C117-D7EF-43D7-B4E1-0A3E86061B9E}.Debug|Any CPU.ActiveCfg = Debug|Any CPU
		{1F45C117-D7EF-43D7-B4E1-0A3E86061B9E}.Debug|Any CPU.Build.0 = Debug|Any CPU
		{1F45C117-D7EF-43D7-B4E1-0A3E86061B9E}.Debug|x64.ActiveCfg = Debug|Any CPU
		{1F45C117-D7EF-43D7-B4E1-0A3E86061B9E}.Debug|x64.Build.0 = Debug|Any CPU
		{1F45C117-D7EF-43D7-B4E1-0A3E86061B9E}.Debug|x86.ActiveCfg = Debug|Any CPU
		{1F45C117-D7EF-43D7-B4E1-0A3E86061B9E}.Debug|x86.Build.0 = Debug|Any CPU
		{1F45C117-D7EF-43D7-B4E1-0A3E86061B9E}.Release|Any CPU.ActiveCfg = Release|Any CPU
		{1F45C117-D7EF-43D7-B4E1-0A3E86061B9E}.Release|Any CPU.Build.0 = Release|Any CPU
		{1F45C117-D7EF-43D7-B4E1-0A3E86061B9E}.Release|x64.ActiveCfg = Release|Any CPU
		{1F45C117-D7EF-43D7-B4E1-0A3E86061B9E}.Release|x64.Build.0 = Release|Any CPU
		{1F45C117-D7EF-43D7-B4E1-0A3E86061B9E}.Release|x86.ActiveCfg = Release|Any CPU
		{1F45C117-D7EF-43D7-B4E1-0A3E86061B9E}.Release|x86.Build.0 = Release|Any CPU
	EndGlobalSection
	GlobalSection(NestedProjects) = preSolution
		{F18202CF-AD43-44E2-B659-1A0A4FBBC8B9} = {0BD2FDE8-529C-49DB-98A5-AD509686B833}
		{1F45C117-D7EF-43D7-B4E1-0A3E86061B9E} = {FDE5F17E-BEB9-4E3C-BD02-0C97822A98C9}
	EndGlobalSection
EndGlobal
